{
  "name": "wx",
  "version": "1.0.0",
  "lockfileVersion": 1,
  "requires": true,
  "dependencies": {
    "qiniu-upload-mini": {
      "version": "1.0.1",
      "resolved": "https://registry.npmjs.org/qiniu-upload-mini/-/qiniu-upload-mini-1.0.1.tgz",
      "integrity": "sha512-9vaAutFpRJhCc9upMpOGHR1mabb/8tNyKuimRbBvzsWOW0lrv3+itdpA9GBI0T+IiLzj/3RHtVldARLn7gafvg=="
    }
  }
}
